// !$*UTF8*$!
{
	archiveVersion = 1;
	classes = {
	};
	objectVersion = 46;
	objects = {

/* Begin PBXBuildFile section */
		95D2179D1D9920CD00EC73E3 /* AppDelegate.swift in Sources */ = {isa = PBXBuildFile; fileRef = 95D2179C1D9920CD00EC73E3 /* AppDelegate.swift */; };
		95D2179F1D9920CD00EC73E3 /* ViewController.swift in Sources */ = {isa = PBXBuildFile; fileRef = 95D2179E1D9920CD00EC73E3 /* ViewController.swift */; };
		95D217A21D9920CD00EC73E3 /* Main.storyboard in Resources */ = {isa = PBXBuildFile; fileRef = 95D217A01D9920CD00EC73E3 /* Main.storyboard */; };
		95D217A41D9920CD00EC73E3 /* Assets.xcassets in Resources */ = {isa = PBXBuildFile; fileRef = 95D217A31D9920CD00EC73E3 /* Assets.xcassets */; };
		95D217A71D9920CD00EC73E3 /* LaunchScreen.storyboard in Resources */ = {isa = PBXBuildFile; fileRef = 95D217A51D9920CD00EC73E3 /* LaunchScreen.storyboard */; };
		95D217B21D9920CD00EC73E3 /* FindMyPubTests.swift in Sources */ = {isa = PBXBuildFile; fileRef = 95D217B11D9920CD00EC73E3 /* FindMyPubTests.swift */; };
		95D217BD1D9920CD00EC73E3 /* FindMyPubUITests.swift in Sources */ = {isa = PBXBuildFile; fileRef = 95D217BC1D9920CD00EC73E3 /* FindMyPubUITests.swift */; };
/* End PBXBuildFile section */

/* Begin PBXContainerItemProxy section */
		95D217AE1D9920CD00EC73E3 /* PBXContainerItemProxy */ = {
			isa = PBXContainerItemProxy;
			containerPortal = 95D217911D9920CD00EC73E3 /* Project object */;
			proxyType = 1;
			remoteGlobalIDString = 95D217981D9920CD00EC73E3;
			remoteInfo = FindMyPub;
		};
		95D217B91D9920CD00EC73E3 /* PBXContainerItemProxy */ = {
			isa = PBXContainerItemProxy;
			containerPortal = 95D217911D9920CD00EC73E3 /* Project object */;
			proxyType = 1;
			remoteGlobalIDString = 95D217981D9920CD00EC73E3;
			remoteInfo = FindMyPub;
		};
/* End PBXContainerItemProxy section */

/* Begin PBXFileReference section */
		95D217991D9920CD00EC73E3 /* FindMyPub.app */ = {isa = PBXFileReference; explicitFileType = wrapper.application; includeInIndex = 0; path = FindMyPub.app; sourceTree = BUILT_PRODUCTS_DIR; };
		95D2179C1D9920CD00EC73E3 /* AppDelegate.swift */ = {isa = PBXFileReference; lastKnownFileType = sourcecode.swift; path = AppDelegate.swift; sourceTree = "<group>"; };
		95D2179E1D9920CD00EC73E3 /* ViewController.swift */ = {isa = PBXFileReference; lastKnownFileType = sourcecode.swift; path = ViewController.swift; sourceTree = "<group>"; };
		95D217A11D9920CD00EC73E3 /* Base */ = {isa = PBXFileReference; lastKnownFileType = file.storyboard; name = Base; path = Base.lproj/Main.storyboard; sourceTree = "<group>"; };
		95D217A31D9920CD00EC73E3 /* Assets.xcassets */ = {isa = PBXFileReference; lastKnownFileType = folder.assetcatalog; path = Assets.xcassets; sourceTree = "<group>"; };
		95D217A61D9920CD00EC73E3 /* Base */ = {isa = PBXFileReference; lastKnownFileType = file.storyboard; name = Base; path = Base.lproj/LaunchScreen.storyboard; sourceTree = "<group>"; };
		95D217A81D9920CD00EC73E3 /* Info.plist */ = {isa = PBXFileReference; lastKnownFileType = text.plist.xml; path = Info.plist; sourceTree = "<group>"; };
		95D217AD1D9920CD00EC73E3 /* FindMyPubTests.xctest */ = {isa = PBXFileReference; explicitFileType = wrapper.cfbundle; includeInIndex = 0; path = FindMyPubTests.xctest; sourceTree = BUILT_PRODUCTS_DIR; };
		95D217B11D9920CD00EC73E3 /* FindMyPubTests.swift */ = {isa = PBXFileReference; lastKnownFileType = sourcecode.swift; path = FindMyPubTests.swift; sourceTree = "<group>"; };
		95D217B31D9920CD00EC73E3 /* Info.plist */ = {isa = PBXFileReference; lastKnownFileType = text.plist.xml; path = Info.plist; sourceTree = "<group>"; };
		95D217B81D9920CD00EC73E3 /* FindMyPubUITests.xctest */ = {isa = PBXFileReference; explicitFileType = wrapper.cfbundle; includeInIndex = 0; path = FindMyPubUITests.xctest; sourceTree = BUILT_PRODUCTS_DIR; };
		95D217BC1D9920CD00EC73E3 /* FindMyPubUITests.swift */ = {isa = PBXFileReference; lastKnownFileType = sourcecode.swift; path = FindMyPubUITests.swift; sourceTree = "<group>"; };
		95D217BE1D9920CD00EC73E3 /* Info.plist */ = {isa = PBXFileReference; lastKnownFileType = text.plist.xml; path = Info.plist; sourceTree = "<group>"; };
/* End PBXFileReference section */

/* Begin PBXFrameworksBuildPhase section */
		95D217961D9920CD00EC73E3 /* Frameworks */ = {
			isa = PBXFrameworksBuildPhase;
			buildActionMask = 2147483647;
			files = (
			);
			runOnlyForDeploymentPostprocessing = 0;
		};
		95D217AA1D9920CD00EC73E3 /* Frameworks */ = {
			isa = PBXFrameworksBuildPhase;
			buildActionMask = 2147483647;
			files = (
			);
			runOnlyForDeploymentPostprocessing = 0;
		};
		95D217B51D9920CD00EC73E3 /* Frameworks */ = {
			isa = PBXFrameworksBuildPhase;
			buildActionMask = 2147483647;
			files = (
			);
			runOnlyForDeploymentPostprocessing = 0;
		};
/* End PBXFrameworksBuildPhase section */

/* Begin PBXGroup section */
		95D217901D9920CD00EC73E3 = {
			isa = PBXGroup;
			children = (
				95D2179B1D9920CD00EC73E3 /* FindMyPub */,
				95D217B01D9920CD00EC73E3 /* FindMyPubTests */,
				95D217BB1D9920CD00EC73E3 /* FindMyPubUITests */,
				95D2179A1D9920CD00EC73E3 /* Products */,
			);
			sourceTree = "<group>";
		};
		95D2179A1D9920CD00EC73E3 /* Products */ = {
			isa = PBXGroup;
			children = (
				95D217991D9920CD00EC73E3 /* FindMyPub.app */,
				95D217AD1D9920CD00EC73E3 /* FindMyPubTests.xctest */,
				95D217B81D9920CD00EC73E3 /* FindMyPubUITests.xctest */,
			);
			name = Products;
			sourceTree = "<group>";
		};
		95D2179B1D9920CD00EC73E3 /* FindMyPub */ = {
			isa = PBXGroup;
			children = (
				95D2179C1D9920CD00EC73E3 /* AppDelegate.swift */,
				95D2179E1D9920CD00EC73E3 /* ViewController.swift */,
				95D217A01D9920CD00EC73E3 /* Main.storyboard */,
				95D217A31D9920CD00EC73E3 /* Assets.xcassets */,
				95D217A51D9920CD00EC73E3 /* LaunchScreen.storyboard */,
				95D217A81D9920CD00EC73E3 /* Info.plist */,
			);
			path = FindMyPub;
			sourceTree = "<group>";
		};
		95D217B01D9920CD00EC73E3 /* FindMyPubTests */ = {
			isa = PBXGroup;
			children = (
				95D217B11D9920CD00EC73E3 /* FindMyPubTests.swift */,
				95D217B31D9920CD00EC73E3 /* Info.plist */,
			);
			path = FindMyPubTests;
			sourceTree = "<group>";
		};
		95D217BB1D9920CD00EC73E3 /* FindMyPubUITests */ = {
			isa = PBXGroup;
			children = (
				95D217BC1D9920CD00EC73E3 /* FindMyPubUITests.swift */,
				95D217BE1D9920CD00EC73E3 /* Info.plist */,
			);
			path = FindMyPubUITests;
			sourceTree = "<group>";
		};
/* End PBXGroup section */

/* Begin PBXNativeTarget section */
		95D217981D9920CD00EC73E3 /* FindMyPub */ = {
			isa = PBXNativeTarget;
			buildConfigurationList = 95D217C11D9920CD00EC73E3 /* Build configuration list for PBXNativeTarget "FindMyPub" */;
			buildPhases = (
				95D217951D9920CD00EC73E3 /* Sources */,
				95D217961D9920CD00EC73E3 /* Frameworks */,
				95D217971D9920CD00EC73E3 /* Resources */,
			);
			buildRules = (
			);
			dependencies = (
			);
			name = FindMyPub;
			productName = FindMyPub;
			productReference = 95D217991D9920CD00EC73E3 /* FindMyPub.app */;
			productType = "com.apple.product-type.application";
		};
		95D217AC1D9920CD00EC73E3 /* FindMyPubTests */ = {
			isa = PBXNativeTarget;
			buildConfigurationList = 95D217C41D9920CD00EC73E3 /* Build configuration list for PBXNativeTarget "FindMyPubTests" */;
			buildPhases = (
				95D217A91D9920CD00EC73E3 /* Sources */,
				95D217AA1D9920CD00EC73E3 /* Frameworks */,
				95D217AB1D9920CD00EC73E3 /* Resources */,
			);
			buildRules = (
			);
			dependencies = (
				95D217AF1D9920CD00EC73E3 /* PBXTargetDependency */,
			);
			name = FindMyPubTests;
			productName = FindMyPubTests;
			productReference = 95D217AD1D9920CD00EC73E3 /* FindMyPubTests.xctest */;
			productType = "com.apple.product-type.bundle.unit-test";
		};
		95D217B71D9920CD00EC73E3 /* FindMyPubUITests */ = {
			isa = PBXNativeTarget;
			buildConfigurationList = 95D217C71D9920CD00EC73E3 /* Build configuration list for PBXNativeTarget "FindMyPubUITests" */;
			buildPhases = (
				95D217B41D9920CD00EC73E3 /* Sources */,
				95D217B51D9920CD00EC73E3 /* Frameworks */,
				95D217B61D9920CD00EC73E3 /* Resources */,
			);
			buildRules = (
			);
			dependencies = (
				95D217BA1D9920CD00EC73E3 /* PBXTargetDependency */,
			);
			name = FindMyPubUITests;
			productName = FindMyPubUITests;
			productReference = 95D217B81D9920CD00EC73E3 /* FindMyPubUITests.xctest */;
			productType = "com.apple.product-type.bundle.ui-testing";
		};
/* End PBXNativeTarget section */

/* Begin PBXProject section */
		95D217911D9920CD00EC73E3 /* Project object */ = {
			isa = PBXProject;
			attributes = {
				LastSwiftUpdateCheck = 0730;
				LastUpgradeCheck = 0730;
				ORGANIZATIONNAME = "Maik Luchtmeyer";
				TargetAttributes = {
					95D217981D9920CD00EC73E3 = {
						CreatedOnToolsVersion = 7.3.1;
						DevelopmentTeam = 3XHJW7LQFK;
					};
					95D217AC1D9920CD00EC73E3 = {
						CreatedOnToolsVersion = 7.3.1;
						DevelopmentTeam = 3XHJW7LQFK;
						TestTargetID = 95D217981D9920CD00EC73E3;
					};
					95D217B71D9920CD00EC73E3 = {
						CreatedOnToolsVersion = 7.3.1;
						DevelopmentTeam = 3XHJW7LQFK;
						TestTargetID = 95D217981D9920CD00EC73E3;
					};
				};
			};
			buildConfigurationList = 95D217941D9920CD00EC73E3 /* Build configuration list for PBXProject "FindMyPub" */;
			compatibilityVersion = "Xcode 3.2";
			developmentRegion = English;
			hasScannedForEncodings = 0;
			knownRegions = (
				en,
				Base,
			);
			mainGroup = 95D217901D9920CD00EC73E3;
			productRefGroup = 95D2179A1D9920CD00EC73E3 /* Products */;
			projectDirPath = "";
			projectRoot = "";
			targets = (
				95D217981D9920CD00EC73E3 /* FindMyPub */,
				95D217AC1D9920CD00EC73E3 /* FindMyPubTests */,
				95D217B71D9920CD00EC73E3 /* FindMyPubUITests */,
			);
		};
/* End PBXProject section */

/* Begin PBXResourcesBuildPhase section */
		95D217971D9920CD00EC73E3 /* Resources */ = {
			isa = PBXResourcesBuildPhase;
			buildActionMask = 2147483647;
			files = (
				95D217A71D9920CD00EC73E3 /* LaunchScreen.storyboard in Resources */,
				95D217A41D9920CD00EC73E3 /* Assets.xcassets in Resources */,
				95D217A21D9920CD00EC73E3 /* Main.storyboard in Resources */,
			);
			runOnlyForDeploymentPostprocessing = 0;
		};
		95D217AB1D9920CD00EC73E3 /* Resources */ = {
			isa = PBXResourcesBuildPhase;
			buildActionMask = 2147483647;
			files = (
			);
			runOnlyForDeploymentPostprocessing = 0;
		};
		95D217B61D9920CD00EC73E3 /* Resources */ = {
			isa = PBXResourcesBuildPhase;
			buildActionMask = 2147483647;
			files = (
			);
			runOnlyForDeploymentPostprocessing = 0;
		};
/* End PBXResourcesBuildPhase section */

/* Begin PBXSourcesBuildPhase section */
		95D217951D9920CD00EC73E3 /* Sources */ = {
			isa = PBXSourcesBuildPhase;
			buildActionMask = 2147483647;
			files = (
				95D2179F1D9920CD00EC73E3 /* ViewController.swift in Sources */,
				95D2179D1D9920CD00EC73E3 /* AppDelegate.swift in Sources */,
			);
			runOnlyForDeploymentPostprocessing = 0;
		};
		95D217A91D9920CD00EC73E3 /* Sources */ = {
			isa = PBXSourcesBuildPhase;
			buildActionMask = 2147483647;
			files = (
				95D217B21D9920CD00EC73E3 /* FindMyPubTests.swift in Sources */,
			);
			runOnlyForDeploymentPostprocessing = 0;
		};
		95D217B41D9920CD00EC73E3 /* Sources */ = {
			isa = PBXSourcesBuildPhase;
			buildActionMask = 2147483647;
			files = (
				95D217BD1D9920CD00EC73E3 /* FindMyPubUITests.swift in Sources */,
			);
			runOnlyForDeploymentPostprocessing = 0;
		};
/* End PBXSourcesBuildPhase section */

/* Begin PBXTargetDependency section */
		95D217AF1D9920CD00EC73E3 /* PBXTargetDependency */ = {
			isa = PBXTargetDependency;
			target = 95D217981D9920CD00EC73E3 /* FindMyPub */;
			targetProxy = 95D217AE1D9920CD00EC73E3 /* PBXContainerItemProxy */;
		};
		95D217BA1D9920CD00EC73E3 /* PBXTargetDependency */ = {
			isa = PBXTargetDependency;
			target = 95D217981D9920CD00EC73E3 /* FindMyPub */;
			targetProxy = 95D217B91D9920CD00EC73E3 /* PBXContainerItemProxy */;
		};
/* End PBXTargetDependency section */

/* Begin PBXVariantGroup section */
		95D217A01D9920CD00EC73E3 /* Main.storyboard */ = {
			isa = PBXVariantGroup;
			children = (
				95D217A11D9920CD00EC73E3 /* Base */,
			);
			name = Main.storyboard;
			sourceTree = "<group>";
		};
		95D217A51D9920CD00EC73E3 /* LaunchScreen.storyboard */ = {
			isa = PBXVariantGroup;
			children = (
				95D217A61D9920CD00EC73E3 /* Base */,
			);
			name = LaunchScreen.storyboard;
			sourceTree = "<group>";
		};
/* End PBXVariantGroup section */

/* Begin XCBuildConfiguration section */
		95D217BF1D9920CD00EC73E3 /* Debug */ = {
			isa = XCBuildConfiguration;
			buildSettings = {
				ALWAYS_SEARCH_USER_PATHS = NO;
				CLANG_ANALYZER_NONNULL = YES;
				CLANG_CXX_LANGUAGE_STANDARD = "gnu++0x";
				CLANG_CXX_LIBRARY = "libc++";
				CLANG_ENABLE_MODULES = YES;
				CLANG_ENABLE_OBJC_ARC = YES;
				CLANG_WARN_BOOL_CONVERSION = YES;
				CLANG_WARN_CONSTANT_CONVERSION = YES;
				CLANG_WARN_DIRECT_OBJC_ISA_USAGE = YES_ERROR;
				CLANG_WARN_EMPTY_BODY = YES;
				CLANG_WARN_ENUM_CONVERSION = YES;
				CLANG_WARN_INT_CONVERSION = YES;
				CLANG_WARN_OBJC_ROOT_CLASS = YES_ERROR;
				CLANG_WARN_UNREACHABLE_CODE = YES;
				CLANG_WARN__DUPLICATE_METHOD_MATCH = YES;
				"CODE_SIGN_IDENTITY[sdk=iphoneos*]" = "iPhone Developer";
				COPY_PHASE_STRIP = NO;
				DEBUG_INFORMATION_FORMAT = dwarf;
				ENABLE_STRICT_OBJC_MSGSEND = YES;
				ENABLE_TESTABILITY = YES;
				GCC_C_LANGUAGE_STANDARD = gnu99;
				GCC_DYNAMIC_NO_PIC = NO;
				GCC_NO_COMMON_BLOCKS = YES;
				GCC_OPTIMIZATION_LEVEL = 0;
				GCC_PREPROCESSOR_DEFINITIONS = (
					"DEBUG=1",
					"$(inherited)",
				);
				GCC_WARN_64_TO_32_BIT_CONVERSION = YES;
				GCC_WARN_ABOUT_RETURN_TYPE = YES_ERROR;
				GCC_WARN_UNDECLARED_SELECTOR = YES;
				GCC_WARN_UNINITIALIZED_AUTOS = YES_AGGRESSIVE;
				GCC_WARN_UNUSED_FUNCTION = YES;
				GCC_WARN_UNUSED_VARIABLE = YES;
				IPHONEOS_DEPLOYMENT_TARGET = 9.3;
				MTL_ENABLE_DEBUG_INFO = YES;
				ONLY_ACTIVE_ARCH = YES;
				SDKROOT = iphoneos;
				SWIFT_OPTIMIZATION_LEVEL = "-Onone";
			};
			name = Debug;
		};
		95D217C01D9920CD00EC73E3 /* Release */ = {
			isa = XCBuildConfiguration;
			buildSettings = {
				ALWAYS_SEARCH_USER_PATHS = NO;
				CLANG_ANALYZER_NONNULL = YES;
				CLANG_CXX_LANGUAGE_STANDARD = "gnu++0x";
				CLANG_CXX_LIBRARY = "libc++";
				CLANG_ENABLE_MODULES = YES;
				CLANG_ENABLE_OBJC_ARC = YES;
				CLANG_WARN_BOOL_CONVERSION = YES;
				CLANG_WARN_CONSTANT_CONVERSION = YES;
				CLANG_WARN_DIRECT_OBJC_ISA_USAGE = YES_ERROR;
				CLANG_WARN_EMPTY_BODY = YES;
				CLANG_WARN_ENUM_CONVERSION = YES;
				CLANG_WARN_INT_CONVERSION = YES;
				CLANG_WARN_OBJC_ROOT_CLASS = YES_ERROR;
				CLANG_WARN_UNREACHABLE_CODE = YES;
				CLANG_WARN__DUPLICATE_METHOD_MATCH = YES;
				"CODE_SIGN_IDENTITY[sdk=iphoneos*]" = "iPhone Developer";
				COPY_PHASE_STRIP = NO;
				DEBUG_INFORMATION_FORMAT = "dwarf-with-dsym";
				ENABLE_NS_ASSERTIONS = NO;
				ENABLE_STRICT_OBJC_MSGSEND = YES;
				GCC_C_LANGUAGE_STANDARD = gnu99;
				GCC_NO_COMMON_BLOCKS = YES;
				GCC_WARN_64_TO_32_BIT_CONVERSION = YES;
				GCC_WARN_ABOUT_RETURN_TYPE = YES_ERROR;
				GCC_WARN_UNDECLARED_SELECTOR = YES;
				GCC_WARN_UNINITIALIZED_AUTOS = YES_AGGRESSIVE;
				GCC_WARN_UNUSED_FUNCTION = YES;
				GCC_WARN_UNUSED_VARIABLE = YES;
				IPHONEOS_DEPLOYMENT_TARGET = 9.3;
				MTL_ENABLE_DEBUG_INFO = NO;
				SDKROOT = iphoneos;
				VALIDATE_PRODUCT = YES;
			};
			name = Release;
		};
		95D217C21D9920CD00EC73E3 /* Debug */ = {
			isa = XCBuildConfiguration;
			buildSettings = {
				ASSETCATALOG_COMPILER_APPICON_NAME = AppIcon;
				INFOPLIST_FILE = FindMyPub/Info.plist;
				LD_RUNPATH_SEARCH_PATHS = "$(inherited) @executable_path/Frameworks";
				PRODUCT_BUNDLE_IDENTIFIER = com.Group1Swift.FindMyPub;
				PRODUCT_NAME = "$(TARGET_NAME)";
			};
			name = Debug;
		};
		95D217C31D9920CD00EC73E3 /* Release */ = {
			isa = XCBuildConfiguration;
			buildSettings = {
				ASSETCATALOG_COMPILER_APPICON_NAME = AppIcon;
				INFOPLIST_FILE = FindMyPub/Info.plist;
				LD_RUNPATH_SEARCH_PATHS = "$(inherited) @executable_path/Frameworks";
				PRODUCT_BUNDLE_IDENTIFIER = com.Group1Swift.FindMyPub;
				PRODUCT_NAME = "$(TARGET_NAME)";
			};
			name = Release;
		};
		95D217C51D9920CD00EC73E3 /* Debug */ = {
			isa = XCBuildConfiguration;
			buildSettings = {
				BUNDLE_LOADER = "$(TEST_HOST)";
				INFOPLIST_FILE = FindMyPubTests/Info.plist;
				LD_RUNPATH_SEARCH_PATHS = "$(inherited) @executable_path/Frameworks @loader_path/Frameworks";
				PRODUCT_BUNDLE_IDENTIFIER = com.Group1Swift.FindMyPubTests;
				PRODUCT_NAME = "$(TARGET_NAME)";
				TEST_HOST = "$(BUILT_PRODUCTS_DIR)/FindMyPub.app/FindMyPub";
			};
			name = Debug;
		};
		95D217C61D9920CD00EC73E3 /* Release */ = {
			isa = XCBuildConfiguration;
			buildSettings = {
				BUNDLE_LOADER = "$(TEST_HOST)";
				INFOPLIST_FILE = FindMyPubTests/Info.plist;
				LD_RUNPATH_SEARCH_PATHS = "$(inherited) @executable_path/Frameworks @loader_path/Frameworks";
				PRODUCT_BUNDLE_IDENTIFIER = com.Group1Swift.FindMyPubTests;
				PRODUCT_NAME = "$(TARGET_NAME)";
				TEST_HOST = "$(BUILT_PRODUCTS_DIR)/FindMyPub.app/FindMyPub";
			};
			name = Release;
		};
		95D217C81D9920CD00EC73E3 /* Debug */ = {
			isa = XCBuildConfiguration;
			buildSettings = {
				INFOPLIST_FILE = FindMyPubUITests/Info.plist;
				LD_RUNPATH_SEARCH_PATHS = "$(inherited) @executable_path/Frameworks @loader_path/Frameworks";
				PRODUCT_BUNDLE_IDENTIFIER = com.Group1Swift.FindMyPubUITests;
				PRODUCT_NAME = "$(TARGET_NAME)";
				TEST_TARGET_NAME = FindMyPub;
			};
			name = Debug;
		};
		95D217C91D9920CD00EC73E3 /* Release */ = {
			isa = XCBuildConfiguration;
			buildSettings = {
				INFOPLIST_FILE = FindMyPubUITests/Info.plist;
				LD_RUNPATH_SEARCH_PATHS = "$(inherited) @executable_path/Frameworks @loader_path/Frameworks";
				PRODUCT_BUNDLE_IDENTIFIER = com.Group1Swift.FindMyPubUITests;
				PRODUCT_NAME = "$(TARGET_NAME)";
				TEST_TARGET_NAME = FindMyPub;
			};
			name = Release;
		};
/* End XCBuildConfiguration section */

/* Begin XCConfigurationList section */
		95D217941D9920CD00EC73E3 /* Build configuration list for PBXProject "FindMyPub" */ = {
			isa = XCConfigurationList;
			buildConfigurations = (
				95D217BF1D9920CD00EC73E3 /* Debug */,
				95D217C01D9920CD00EC73E3 /* Release */,
			);
			defaultConfigurationIsVisible = 0;
			defaultConfigurationName = Release;
		};
		95D217C11D9920CD00EC73E3 /* Build configuration list for PBXNativeTarget "FindMyPub" */ = {
			isa = XCConfigurationList;
			buildConfigurations = (
				95D217C21D9920CD00EC73E3 /* Debug */,
				95D217C31D9920CD00EC73E3 /* Release */,
			);
			defaultConfigurationIsVisible = 0;
		};
		95D217C41D9920CD00EC73E3 /* Build configuration list for PBXNativeTarget "FindMyPubTests" */ = {
			isa = XCConfigurationList;
			buildConfigurations = (
				95D217C51D9920CD00EC73E3 /* Debug */,
				95D217C61D9920CD00EC73E3 /* Release */,
			);
			defaultConfigurationIsVisible = 0;
		};
		95D217C71D9920CD00EC73E3 /* Build configuration list for PBXNativeTarget "FindMyPubUITests" */ = {
			isa = XCConfigurationList;
			buildConfigurations = (
				95D217C81D9920CD00EC73E3 /* Debug */,
				95D217C91D9920CD00EC73E3 /* Release */,
			);
			defaultConfigurationIsVisible = 0;
		};
/* End XCConfigurationList section */
	};
	rootObject = 95D217911D9920CD00EC73E3 /* Project object */;
}
